
Microsoft Visual Studio Solution File, Format Version 12.00
# Visual Studio Version 17
VisualStudioVersion = 17.0.31825.309
MinimumVisualStudioVersion = 10.0.40219.1
Project("{2150E333-8FDC-42A3-9474-1A3956D46DE8}") = "Services", "Services", "{56E861E3-064B-4895-9519-2CCBD683CF1C}"
EndProject
Project("{2150E333-8FDC-42A3-9474-1A3956D46DE8}") = "WebApps", "WebApps", "{9AFBDD2C-A10E-4938-A861-0E77C251BEC1}"
EndProject
Project("{2150E333-8FDC-42A3-9474-1A3956D46DE8}") = "Cadastro", "Cadastro", "{0BC11187-AD67-4DBD-BD80-4A06F9762815}"
EndProject
Project("{FAE04EC0-301F-11D3-BF4B-00C04F79EFBC}") = "CQRS.Cadastro.Domain", "src\CQRS.Cadastro.Domain\CQRS.Cadastro.Domain.csproj", "{F5236984-18BC-4E06-A3D1-588F43D25D48}"
EndProject
Project("{2150E333-8FDC-42A3-9474-1A3956D46DE8}") = "Core", "Core", "{F7BA6197-AA68-4411-BCDE-3C8863AAE9BE}"
EndProject
Project("{FAE04EC0-301F-11D3-BF4B-00C04F79EFBC}") = "CQRS.Core", "src\CQRS.Core\CQRS.Core.csproj", "{6EE80560-F064-469A-9064-3F0C9D315B45}"
EndProject
Project("{FAE04EC0-301F-11D3-BF4B-00C04F79EFBC}") = "CQRS.Cadastro.Data", "src\CQRS.Cadastro.Data\CQRS.Cadastro.Data.csproj", "{DF440A28-7FBE-4541-869A-2619C63A3E63}"
EndProject
Global
	GlobalSection(SolutionConfigurationPlatforms) = preSolution
		Debug|Any CPU = Debug|Any CPU
		Release|Any CPU = Release|Any CPU
	EndGlobalSection
	GlobalSection(ProjectConfigurationPlatforms) = postSolution
		{F5236984-18BC-4E06-A3D1-588F43D25D48}.Debug|Any CPU.ActiveCfg = Debug|Any CPU
		{F5236984-18BC-4E06-A3D1-588F43D25D48}.Debug|Any CPU.Build.0 = Debug|Any CPU
		{F5236984-18BC-4E06-A3D1-588F43D25D48}.Release|Any CPU.ActiveCfg = Release|Any CPU
		{F5236984-18BC-4E06-A3D1-588F43D25D48}.Release|Any CPU.Build.0 = Release|Any CPU
		{6EE80560-F064-469A-9064-3F0C9D315B45}.Debug|Any CPU.ActiveCfg = Debug|Any CPU
		{6EE80560-F064-469A-9064-3F0C9D315B45}.Debug|Any CPU.Build.0 = Debug|Any CPU
		{6EE80560-F064-469A-9064-3F0C9D315B45}.Release|Any CPU.ActiveCfg = Release|Any CPU
		{6EE80560-F064-469A-9064-3F0C9D315B45}.Release|Any CPU.Build.0 = Release|Any CPU
		{DF440A28-7FBE-4541-869A-2619C63A3E63}.Debug|Any CPU.ActiveCfg = Debug|Any CPU
		{DF440A28-7FBE-4541-869A-2619C63A3E63}.Debug|Any CPU.Build.0 = Debug|Any CPU
		{DF440A28-7FBE-4541-869A-2619C63A3E63}.Release|Any CPU.ActiveCfg = Release|Any CPU
		{DF440A28-7FBE-4541-869A-2619C63A3E63}.Release|Any CPU.Build.0 = Release|Any CPU
	EndGlobalSection
	GlobalSection(SolutionProperties) = preSolution
		HideSolutionNode = FALSE
	EndGlobalSection
	GlobalSection(NestedProjects) = preSolution
		{0BC11187-AD67-4DBD-BD80-4A06F9762815} = {56E861E3-064B-4895-9519-2CCBD683CF1C}
		{F5236984-18BC-4E06-A3D1-588F43D25D48} = {0BC11187-AD67-4DBD-BD80-4A06F9762815}
		{F7BA6197-AA68-4411-BCDE-3C8863AAE9BE} = {56E861E3-064B-4895-9519-2CCBD683CF1C}
		{6EE80560-F064-469A-9064-3F0C9D315B45} = {F7BA6197-AA68-4411-BCDE-3C8863AAE9BE}
		{DF440A28-7FBE-4541-869A-2619C63A3E63} = {0BC11187-AD67-4DBD-BD80-4A06F9762815}
	EndGlobalSection
	GlobalSection(ExtensibilityGlobals) = postSolution
		SolutionGuid = {B5CEE90F-8890-405F-9F9B-B405DDC1BC47}
	EndGlobalSection
EndGlobal
